
Microsoft Visual Studio Solution File, Format Version 12.00
# Visual Studio Version 17
VisualStudioVersion = 17.11.35312.102
MinimumVisualStudioVersion = 10.0.40219.1
Project("{8BC9CEB8-8B4A-11D0-8D11-00A0C91BC942}") = "210-lab-25", "210-lab-25.vcxproj", "{78FDCFB2-4711-4829-A930-EB93082159A3}"
EndProject
Global
	GlobalSection(SolutionConfigurationPlatforms) = preSolution
		Debug|x64 = Debug|x64
		Debug|x86 = Debug|x86
		Release|x64 = Release|x64
		Release|x86 = Release|x86
	EndGlobalSection
	GlobalSection(ProjectConfigurationPlatforms) = postSolution
		{78FDCFB2-4711-4829-A930-EB93082159A3}.Debug|x64.ActiveCfg = Debug|x64
		{78FDCFB2-4711-4829-A930-EB93082159A3}.Debug|x64.Build.0 = Debug|x64
		{78FDCFB2-4711-4829-A930-EB93082159A3}.Debug|x86.ActiveCfg = Debug|Win32
		{78FDCFB2-4711-4829-A930-EB93082159A3}.Debug|x86.Build.0 = Debug|Win32
		{78FDCFB2-4711-4829-A930-EB93082159A3}.Release|x64.ActiveCfg = Release|x64
		{78FDCFB2-4711-4829-A930-EB93082159A3}.Release|x64.Build.0 = Release|x64
		{78FDCFB2-4711-4829-A930-EB93082159A3}.Release|x86.ActiveCfg = Release|Win32
		{78FDCFB2-4711-4829-A930-EB93082159A3}.Release|x86.Build.0 = Release|Win32
	EndGlobalSection
	GlobalSection(SolutionProperties) = preSolution
		HideSolutionNode = FALSE
	EndGlobalSection
	GlobalSection(ExtensibilityGlobals) = postSolution
		SolutionGuid = {F4B79A8B-173E-483B-814E-F844CB50A75B}
	EndGlobalSection
EndGlobal
